
Microsoft Visual Studio Solution File, Format Version 12.00
# Visual Studio 15
VisualStudioVersion = 15.0.26430.6
MinimumVisualStudioVersion = 10.0.40219.1
Project("{9A19103F-16F7-4668-BE54-9A1E7A4F7556}") = "ClientGenerator.2017", "src\ClientGenerator\ClientGenerator.2017.csproj", "{E782DD19-51F7-4F66-8217-BACAC33767E4}"
EndProject
Project("{9A19103F-16F7-4668-BE54-9A1E7A4F7556}") = "Orleans.2017", "src\Orleans\Orleans.2017.csproj", "{BC1BD60C-E7D8-4452-A21C-290AEC8E2E74}"
EndProject
Project("{9A19103F-16F7-4668-BE54-9A1E7A4F7556}") = "OrleansProviders.2017", "src\OrleansProviders\OrleansProviders.2017.csproj", "{0054DB14-2A92-4CC0-959E-A2C51F5E65D4}"
	ProjectSection(ProjectDependencies) = postProject
		{E782DD19-51F7-4F66-8217-BACAC33767E4} = {E782DD19-51F7-4F66-8217-BACAC33767E4}
	EndProjectSection
EndProject
Project("{9A19103F-16F7-4668-BE54-9A1E7A4F7556}") = "OrleansSQLUtils.2017", "src\OrleansSQLUtils\OrleansSQLUtils.2017.csproj", "{47E9AE37-4EAE-48D5-A778-2C80E9A6375F}"
EndProject
Project("{9A19103F-16F7-4668-BE54-9A1E7A4F7556}") = "OrleansCodeGenerator.2017", "src\OrleansCodeGenerator\OrleansCodeGenerator.2017.csproj", "{8D937706-F6DA-4D33-B0A9-24A260BD3080}"
EndProject
Project("{2150E333-8FDC-42A3-9474-1A3956D46DE8}") = "src", "src", "{4CD3AA9E-D937-48CA-BB6C-158E12257D23}"
EndProject
Project("{2150E333-8FDC-42A3-9474-1A3956D46DE8}") = "Extensions", "Extensions", "{F3C3FA92-FC69-4B94-8914-3B70E624B5B5}"
EndProject
Global
	GlobalSection(SolutionConfigurationPlatforms) = preSolution
		Debug|Any CPU = Debug|Any CPU
		Debug|x64 = Debug|x64
		Debug|x86 = Debug|x86
		Release|Any CPU = Release|Any CPU
		Release|x64 = Release|x64
		Release|x86 = Release|x86
	EndGlobalSection
	GlobalSection(ProjectConfigurationPlatforms) = postSolution
		{E782DD19-51F7-4F66-8217-BACAC33767E4}.Debug|Any CPU.ActiveCfg = Debug|Any CPU
		{E782DD19-51F7-4F66-8217-BACAC33767E4}.Debug|Any CPU.Build.0 = Debug|Any CPU
		{E782DD19-51F7-4F66-8217-BACAC33767E4}.Debug|x64.ActiveCfg = Debug|Any CPU
		{E782DD19-51F7-4F66-8217-BACAC33767E4}.Debug|x64.Build.0 = Debug|Any CPU
		{E782DD19-51F7-4F66-8217-BACAC33767E4}.Debug|x86.ActiveCfg = Debug|Any CPU
		{E782DD19-51F7-4F66-8217-BACAC33767E4}.Debug|x86.Build.0 = Debug|Any CPU
		{E782DD19-51F7-4F66-8217-BACAC33767E4}.Release|Any CPU.ActiveCfg = Release|Any CPU
		{E782DD19-51F7-4F66-8217-BACAC33767E4}.Release|Any CPU.Build.0 = Release|Any CPU
		{E782DD19-51F7-4F66-8217-BACAC33767E4}.Release|x64.ActiveCfg = Release|Any CPU
		{E782DD19-51F7-4F66-8217-BACAC33767E4}.Release|x64.Build.0 = Release|Any CPU
		{E782DD19-51F7-4F66-8217-BACAC33767E4}.Release|x86.ActiveCfg = Release|Any CPU
		{E782DD19-51F7-4F66-8217-BACAC33767E4}.Release|x86.Build.0 = Release|Any CPU
		{BC1BD60C-E7D8-4452-A21C-290AEC8E2E74}.Debug|Any CPU.ActiveCfg = Debug|Any CPU
		{BC1BD60C-E7D8-4452-A21C-290AEC8E2E74}.Debug|Any CPU.Build.0 = Debug|Any CPU
		{BC1BD60C-E7D8-4452-A21C-290AEC8E2E74}.Debug|x64.ActiveCfg = Debug|Any CPU
		{BC1BD60C-E7D8-4452-A21C-290AEC8E2E74}.Debug|x64.Build.0 = Debug|Any CPU
		{BC1BD60C-E7D8-4452-A21C-290AEC8E2E74}.Debug|x86.ActiveCfg = Debug|Any CPU
		{BC1BD60C-E7D8-4452-A21C-290AEC8E2E74}.Debug|x86.Build.0 = Debug|Any CPU
		{BC1BD60C-E7D8-4452-A21C-290AEC8E2E74}.Release|Any CPU.ActiveCfg = Release|Any CPU
		{BC1BD60C-E7D8-4452-A21C-290AEC8E2E74}.Release|Any CPU.Build.0 = Release|Any CPU
		{BC1BD60C-E7D8-4452-A21C-290AEC8E2E74}.Release|x64.ActiveCfg = Release|Any CPU
		{BC1BD60C-E7D8-4452-A21C-290AEC8E2E74}.Release|x64.Build.0 = Release|Any CPU
		{BC1BD60C-E7D8-4452-A21C-290AEC8E2E74}.Release|x86.ActiveCfg = Release|Any CPU
		{BC1BD60C-E7D8-4452-A21C-290AEC8E2E74}.Release|x86.Build.0 = Release|Any CPU
		{0054DB14-2A92-4CC0-959E-A2C51F5E65D4}.Debug|Any CPU.ActiveCfg = Debug|Any CPU
		{0054DB14-2A92-4CC0-959E-A2C51F5E65D4}.Debug|Any CPU.Build.0 = Debug|Any CPU
		{0054DB14-2A92-4CC0-959E-A2C51F5E65D4}.Debug|x64.ActiveCfg = Debug|Any CPU
		{0054DB14-2A92-4CC0-959E-A2C51F5E65D4}.Debug|x64.Build.0 = Debug|Any CPU
		{0054DB14-2A92-4CC0-959E-A2C51F5E65D4}.Debug|x86.ActiveCfg = Debug|Any CPU
		{0054DB14-2A92-4CC0-959E-A2C51F5E65D4}.Debug|x86.Build.0 = Debug|Any CPU
		{0054DB14-2A92-4CC0-959E-A2C51F5E65D4}.Release|Any CPU.ActiveCfg = Release|Any CPU
		{0054DB14-2A92-4CC0-959E-A2C51F5E65D4}.Release|Any CPU.Build.0 = Release|Any CPU
		{0054DB14-2A92-4CC0-959E-A2C51F5E65D4}.Release|x64.ActiveCfg = Release|Any CPU
		{0054DB14-2A92-4CC0-959E-A2C51F5E65D4}.Release|x64.Build.0 = Release|Any CPU
		{0054DB14-2A92-4CC0-959E-A2C51F5E65D4}.Release|x86.ActiveCfg = Release|Any CPU
		{0054DB14-2A92-4CC0-959E-A2C51F5E65D4}.Release|x86.Build.0 = Release|Any CPU
		{47E9AE37-4EAE-48D5-A778-2C80E9A6375F}.Debug|Any CPU.ActiveCfg = Debug|Any CPU
		{47E9AE37-4EAE-48D5-A778-2C80E9A6375F}.Debug|Any CPU.Build.0 = Debug|Any CPU
		{47E9AE37-4EAE-48D5-A778-2C80E9A6375F}.Debug|x64.ActiveCfg = Debug|Any CPU
		{47E9AE37-4EAE-48D5-A778-2C80E9A6375F}.Debug|x64.Build.0 = Debug|Any CPU
		{47E9AE37-4EAE-48D5-A778-2C80E9A6375F}.Debug|x86.ActiveCfg = Debug|Any CPU
		{47E9AE37-4EAE-48D5-A778-2C80E9A6375F}.Debug|x86.Build.0 = Debug|Any CPU
		{47E9AE37-4EAE-48D5-A778-2C80E9A6375F}.Release|Any CPU.ActiveCfg = Release|Any CPU
		{47E9AE37-4EAE-48D5-A778-2C80E9A6375F}.Release|Any CPU.Build.0 = Release|Any CPU
		{47E9AE37-4EAE-48D5-A778-2C80E9A6375F}.Release|x64.ActiveCfg = Release|Any CPU
		{47E9AE37-4EAE-48D5-A778-2C80E9A6375F}.Release|x64.Build.0 = Release|Any CPU
		{47E9AE37-4EAE-48D5-A778-2C80E9A6375F}.Release|x86.ActiveCfg = Release|Any CPU
		{47E9AE37-4EAE-48D5-A778-2C80E9A6375F}.Release|x86.Build.0 = Release|Any CPU
		{8D937706-F6DA-4D33-B0A9-24A260BD3080}.Debug|Any CPU.ActiveCfg = Debug|Any CPU
		{8D937706-F6DA-4D33-B0A9-24A260BD3080}.Debug|Any CPU.Build.0 = Debug|Any CPU
		{8D937706-F6DA-4D33-B0A9-24A260BD3080}.Debug|x64.ActiveCfg = Debug|Any CPU
		{8D937706-F6DA-4D33-B0A9-24A260BD3080}.Debug|x64.Build.0 = Debug|Any CPU
		{8D937706-F6DA-4D33-B0A9-24A260BD3080}.Debug|x86.ActiveCfg = Debug|Any CPU
		{8D937706-F6DA-4D33-B0A9-24A260BD3080}.Debug|x86.Build.0 = Debug|Any CPU
		{8D937706-F6DA-4D33-B0A9-24A260BD3080}.Release|Any CPU.ActiveCfg = Release|Any CPU
		{8D937706-F6DA-4D33-B0A9-24A260BD3080}.Release|Any CPU.Build.0 = Release|Any CPU
		{8D937706-F6DA-4D33-B0A9-24A260BD3080}.Release|x64.ActiveCfg = Release|Any CPU
		{8D937706-F6DA-4D33-B0A9-24A260BD3080}.Release|x64.Build.0 = Release|Any CPU
		{8D937706-F6DA-4D33-B0A9-24A260BD3080}.Release|x86.ActiveCfg = Release|Any CPU
		{8D937706-F6DA-4D33-B0A9-24A260BD3080}.Release|x86.Build.0 = Release|Any CPU
	EndGlobalSection
	GlobalSection(SolutionProperties) = preSolution
		HideSolutionNode = FALSE
	EndGlobalSection
	GlobalSection(NestedProjects) = preSolution
		{E782DD19-51F7-4F66-8217-BACAC33767E4} = {4CD3AA9E-D937-48CA-BB6C-158E12257D23}
		{BC1BD60C-E7D8-4452-A21C-290AEC8E2E74} = {4CD3AA9E-D937-48CA-BB6C-158E12257D23}
		{0054DB14-2A92-4CC0-959E-A2C51F5E65D4} = {4CD3AA9E-D937-48CA-BB6C-158E12257D23}
		{47E9AE37-4EAE-48D5-A778-2C80E9A6375F} = {F3C3FA92-FC69-4B94-8914-3B70E624B5B5}
		{8D937706-F6DA-4D33-B0A9-24A260BD3080} = {4CD3AA9E-D937-48CA-BB6C-158E12257D23}
		{F3C3FA92-FC69-4B94-8914-3B70E624B5B5} = {4CD3AA9E-D937-48CA-BB6C-158E12257D23}
	EndGlobalSection
	GlobalSection(ExtensibilityGlobals) = postSolution
		SolutionGuid = {94DD3310-B120-4C6F-A8B3-8FFBE11AB4A2}
	EndGlobalSection
EndGlobal
